
Microsoft Visual Studio Solution File, Format Version 12.00
# Visual Studio Version 16
VisualStudioVersion = 16.0.30011.22
MinimumVisualStudioVersion = 10.0.40219.1
Project("{FAE04EC0-301F-11D3-BF4B-00C04F79EFBC}") = "Interfaces", "Interfaces.csproj", "{0094715E-1C6C-4071-9BB7-A376DD1424CF}"
EndProject
Global
	GlobalSection(SolutionConfigurationPlatforms) = preSolution
		Debug|Any CPU = Debug|Any CPU
		Release|Any CPU = Release|Any CPU
	EndGlobalSection
	GlobalSection(ProjectConfigurationPlatforms) = postSolution
		{0094715E-1C6C-4071-9BB7-A376DD1424CF}.Debug|Any CPU.ActiveCfg = Debug|Any CPU
		{0094715E-1C6C-4071-9BB7-A376DD1424CF}.Debug|Any CPU.Build.0 = Debug|Any CPU
		{0094715E-1C6C-4071-9BB7-A376DD1424CF}.Release|Any CPU.ActiveCfg = Release|Any CPU
		{0094715E-1C6C-4071-9BB7-A376DD1424CF}.Release|Any CPU.Build.0 = Release|Any CPU
	EndGlobalSection
	GlobalSection(SolutionProperties) = preSolution
		HideSolutionNode = FALSE
	EndGlobalSection
	GlobalSection(ExtensibilityGlobals) = postSolution
		SolutionGuid = {D11F1AD9-626F-4B69-B96D-2C06310A3514}
	EndGlobalSection
EndGlobal
