
Microsoft Visual Studio Solution File, Format Version 12.00
# Visual Studio Version 16
VisualStudioVersion = 16.0.30011.22
MinimumVisualStudioVersion = 10.0.40219.1
Project("{FAE04EC0-301F-11D3-BF4B-00C04F79EFBC}") = "Academy.App", "Academy.App\Academy.App.csproj", "{61FEF3ED-0CF8-4F68-A630-AB1329426A2D}"
EndProject
Project("{FAE04EC0-301F-11D3-BF4B-00C04F79EFBC}") = "Academy.Lib", "Academy.Lib\Academy.Lib.csproj", "{DFB5B51C-028A-463E-AC1B-9D8AD8F14C19}"
EndProject
Global
	GlobalSection(SolutionConfigurationPlatforms) = preSolution
		Debug|Any CPU = Debug|Any CPU
		Release|Any CPU = Release|Any CPU
	EndGlobalSection
	GlobalSection(ProjectConfigurationPlatforms) = postSolution
		{61FEF3ED-0CF8-4F68-A630-AB1329426A2D}.Debug|Any CPU.ActiveCfg = Debug|Any CPU
		{61FEF3ED-0CF8-4F68-A630-AB1329426A2D}.Debug|Any CPU.Build.0 = Debug|Any CPU
		{61FEF3ED-0CF8-4F68-A630-AB1329426A2D}.Release|Any CPU.ActiveCfg = Release|Any CPU
		{61FEF3ED-0CF8-4F68-A630-AB1329426A2D}.Release|Any CPU.Build.0 = Release|Any CPU
		{DFB5B51C-028A-463E-AC1B-9D8AD8F14C19}.Debug|Any CPU.ActiveCfg = Debug|Any CPU
		{DFB5B51C-028A-463E-AC1B-9D8AD8F14C19}.Debug|Any CPU.Build.0 = Debug|Any CPU
		{DFB5B51C-028A-463E-AC1B-9D8AD8F14C19}.Release|Any CPU.ActiveCfg = Release|Any CPU
		{DFB5B51C-028A-463E-AC1B-9D8AD8F14C19}.Release|Any CPU.Build.0 = Release|Any CPU
	EndGlobalSection
	GlobalSection(SolutionProperties) = preSolution
		HideSolutionNode = FALSE
	EndGlobalSection
	GlobalSection(ExtensibilityGlobals) = postSolution
		SolutionGuid = {ADDF07E7-8BF8-4640-A32C-C6813D426BC3}
	EndGlobalSection
EndGlobal
