
Microsoft Visual Studio Solution File, Format Version 12.00
# Visual Studio Version 16
VisualStudioVersion = 16.0.30011.22
MinimumVisualStudioVersion = 10.0.40219.1
Project("{FAE04EC0-301F-11D3-BF4B-00C04F79EFBC}") = "Academy.App", "Academy.App\Academy.App.csproj", "{019FC4F8-4C56-4669-B7A9-F43C07564142}"
EndProject
Project("{FAE04EC0-301F-11D3-BF4B-00C04F79EFBC}") = "Academy.Library", "Academy.Library\Academy.Library.csproj", "{30B42461-13D1-46B4-8431-0014148B964A}"
EndProject
Global
	GlobalSection(SolutionConfigurationPlatforms) = preSolution
		Debug|Any CPU = Debug|Any CPU
		Release|Any CPU = Release|Any CPU
	EndGlobalSection
	GlobalSection(ProjectConfigurationPlatforms) = postSolution
		{019FC4F8-4C56-4669-B7A9-F43C07564142}.Debug|Any CPU.ActiveCfg = Debug|Any CPU
		{019FC4F8-4C56-4669-B7A9-F43C07564142}.Debug|Any CPU.Build.0 = Debug|Any CPU
		{019FC4F8-4C56-4669-B7A9-F43C07564142}.Release|Any CPU.ActiveCfg = Release|Any CPU
		{019FC4F8-4C56-4669-B7A9-F43C07564142}.Release|Any CPU.Build.0 = Release|Any CPU
		{30B42461-13D1-46B4-8431-0014148B964A}.Debug|Any CPU.ActiveCfg = Debug|Any CPU
		{30B42461-13D1-46B4-8431-0014148B964A}.Debug|Any CPU.Build.0 = Debug|Any CPU
		{30B42461-13D1-46B4-8431-0014148B964A}.Release|Any CPU.ActiveCfg = Release|Any CPU
		{30B42461-13D1-46B4-8431-0014148B964A}.Release|Any CPU.Build.0 = Release|Any CPU
	EndGlobalSection
	GlobalSection(SolutionProperties) = preSolution
		HideSolutionNode = FALSE
	EndGlobalSection
	GlobalSection(ExtensibilityGlobals) = postSolution
		SolutionGuid = {8D96B64B-18F3-4DD6-A368-7739294B14E5}
	EndGlobalSection
EndGlobal
