
Microsoft Visual Studio Solution File, Format Version 12.00
# Visual Studio Version 16
VisualStudioVersion = 16.0.29926.136
MinimumVisualStudioVersion = 10.0.40219.1
Project("{FAE04EC0-301F-11D3-BF4B-00C04F79EFBC}") = "Clases y Objetos", "Clases y Objetos.csproj", "{8FE865D2-05A6-4547-B38E-7727A940EE7E}"
EndProject
Global
	GlobalSection(SolutionConfigurationPlatforms) = preSolution
		Debug|Any CPU = Debug|Any CPU
		Release|Any CPU = Release|Any CPU
	EndGlobalSection
	GlobalSection(ProjectConfigurationPlatforms) = postSolution
		{8FE865D2-05A6-4547-B38E-7727A940EE7E}.Debug|Any CPU.ActiveCfg = Debug|Any CPU
		{8FE865D2-05A6-4547-B38E-7727A940EE7E}.Debug|Any CPU.Build.0 = Debug|Any CPU
		{8FE865D2-05A6-4547-B38E-7727A940EE7E}.Release|Any CPU.ActiveCfg = Release|Any CPU
		{8FE865D2-05A6-4547-B38E-7727A940EE7E}.Release|Any CPU.Build.0 = Release|Any CPU
	EndGlobalSection
	GlobalSection(SolutionProperties) = preSolution
		HideSolutionNode = FALSE
	EndGlobalSection
	GlobalSection(ExtensibilityGlobals) = postSolution
		SolutionGuid = {7D96B706-7A8D-41D1-8565-16137BDEEB8B}
	EndGlobalSection
EndGlobal
