
Microsoft Visual Studio Solution File, Format Version 12.00
# Visual Studio Version 16
VisualStudioVersion = 16.0.30011.22
MinimumVisualStudioVersion = 10.0.40219.1
Project("{FAE04EC0-301F-11D3-BF4B-00C04F79EFBC}") = "Fase1", "Fase1.csproj", "{1A89A16E-9B56-47B9-91E8-1F1F172E2DC3}"
EndProject
Global
	GlobalSection(SolutionConfigurationPlatforms) = preSolution
		Debug|Any CPU = Debug|Any CPU
		Release|Any CPU = Release|Any CPU
	EndGlobalSection
	GlobalSection(ProjectConfigurationPlatforms) = postSolution
		{1A89A16E-9B56-47B9-91E8-1F1F172E2DC3}.Debug|Any CPU.ActiveCfg = Debug|Any CPU
		{1A89A16E-9B56-47B9-91E8-1F1F172E2DC3}.Debug|Any CPU.Build.0 = Debug|Any CPU
		{1A89A16E-9B56-47B9-91E8-1F1F172E2DC3}.Release|Any CPU.ActiveCfg = Release|Any CPU
		{1A89A16E-9B56-47B9-91E8-1F1F172E2DC3}.Release|Any CPU.Build.0 = Release|Any CPU
	EndGlobalSection
	GlobalSection(SolutionProperties) = preSolution
		HideSolutionNode = FALSE
	EndGlobalSection
	GlobalSection(ExtensibilityGlobals) = postSolution
		SolutionGuid = {B0EC35A6-551E-466D-83A9-A73178DFE291}
	EndGlobalSection
EndGlobal
